# THIS IS AN AUTOGENERATED FILE. DO NOT EDIT THIS FILE DIRECTLY.
# yarn lockfile v1


asynckit@^0.4.0:
  version "0.4.0"
  resolved "https://registry.yarnpkg.com/asynckit/-/asynckit-0.4.0.tgz#c79ed97f7f34cb8f2ba1bc9790bcc366474b4b79"
  integrity sha512-Oei9OH4tRh0YqU3GxhX79dM/mwVgvbZJaSNaRk+bshkj0S5cfHcgYakreBjrHwatXKbz+IoIdYLxrKim2MjW0Q==

axios@^0.27.2:
  version "0.27.2"
  resolved "https://registry.yarnpkg.com/axios/-/axios-0.27.2.tgz#207658cc8621606e586c85db4b41a750e756d972"
  integrity sha512-t+yRIyySRTp/wua5xEr+z1q60QmLq8ABsS5O9Me1AsE5dfKqgnCFzwiCZZ/cGNd1lq4/7akDWMxdhVlucjmnOQ==
  dependencies:
    follow-redirects "^1.14.9"
    form-data "^4.0.0"

bignumber.js@^9.0.0:
  version "9.1.1"
  resolved "https://registry.yarnpkg.com/bignumber.js/-/bignumber.js-9.1.1.tgz#c4df7dc496bd849d4c9464344c1aa74228b4dac6"
  integrity sha512-pHm4LsMJ6lzgNGVfZHjMoO8sdoRhOzOH4MLmY65Jg70bpxCKu5iOHNJyfF6OyvYw7t8Fpf35RuzUyqnQsj8Vig==

combined-stream@^1.0.8:
  version "1.0.8"
  resolved "https://registry.yarnpkg.com/combined-stream/-/combined-stream-1.0.8.tgz#c3d45a8b34fd730631a110a8a2520682b31d5a7f"
  integrity sha512-FQN4MRfuJeHf7cBbBMJFXhKSDq+2kAArBlmRBvcvFE5BB1HZKXtSFASDhdlz9zOYwxh8lDdnvmMOe/+5cdoEdg==
  dependencies:
    delayed-stream "~1.0.0"

delayed-stream@~1.0.0:
  version "1.0.0"
  resolved "https://registry.yarnpkg.com/delayed-stream/-/delayed-stream-1.0.0.tgz#df3ae199acadfb7d440aaae0b29e2272b24ec619"
  integrity sha512-ZySD7Nf91aLB0RxL4KGrKHBXl7Eds1DAmEdcoVawXnLD7SDhpNgtuII2aAkg7a7QS41jxPSZ17p4VdGnMHk3MQ==

follow-redirects@^1.14.9:
  version "1.15.2"
  resolved "https://registry.yarnpkg.com/follow-redirects/-/follow-redirects-1.15.2.tgz#b460864144ba63f2681096f274c4e57026da2c13"
  integrity sha512-VQLG33o04KaQ8uYi2tVNbdrWp1QWxNNea+nmIB4EVM28v0hmP17z7aG1+wAkNzVq4KeXTq3221ye5qTJP91JwA==

form-data@^4.0.0:
  version "4.0.0"
  resolved "https://registry.yarnpkg.com/form-data/-/form-data-4.0.0.tgz#93919daeaf361ee529584b9b31664dc12c9fa452"
  integrity sha512-ETEklSGi5t0QMZuiXoA/Q6vcnxcLQP5vdugSpuAyi6SVGi2clPPp+xgEhuMaHC+zGgn31Kd235W35f7Hykkaww==
  dependencies:
    asynckit "^0.4.0"
    combined-stream "^1.0.8"
    mime-types "^2.1.12"

json-bigint@^1.0.0:
  version "1.0.0"
  resolved "https://registry.yarnpkg.com/json-bigint/-/json-bigint-1.0.0.tgz#ae547823ac0cad8398667f8cd9ef4730f5b01ff1"
  integrity sha512-SiPv/8VpZuWbvLSMtTDU8hEfrZWg/mH/nV/b4o0CYbSxu1UIQPLdwKOCIyLQX+VIPO5vrLX3i8qtqFyhdPSUSQ==
  dependencies:
    bignumber.js "^9.0.0"

mime-db@1.52.0:
  version "1.52.0"
  resolved "https://registry.yarnpkg.com/mime-db/-/mime-db-1.52.0.tgz#bbabcdc02859f4987301c856e3387ce5ec43bf70"
  integrity sha512-sPU4uV7dYlvtWJxwwxHD0PuihVNiE7TyAbQ5SWxDCB9mUYvOgroQOwYQQOKPJ8CIbE+1ETVlOoK1UC2nU3gYvg==

mime-types@^2.1.12:
  version "2.1.35"
  resolved "https://registry.yarnpkg.com/mime-types/-/mime-types-2.1.35.tgz#381a871b62a734450660ae3deee44813f70d959a"
  integrity sha512-ZDY+bPm5zTTF+YpCrAU9nK0UgICYPT0QtT1NZWFv4s++TNkcgVaT0g6+4R2uI4MjQjzysHB1zxuWL50hzaeXiw==
  dependencies:
    mime-db "1.52.0"

node-mailjet@^6.0.2:
  version "6.0.2"
  resolved "https://registry.yarnpkg.com/node-mailjet/-/node-mailjet-6.0.2.tgz#a427f675f555920ec0fdd4b8887ac93473791121"
  integrity sha512-aLSWqzVVB7fSfEE9yFsWQ3mPOcGtKJYmQTcL6an+Y8ITLjF8RdvopXvENgSjLLfFNAaIJ0PhLgECxutbmR84wA==
  dependencies:
    axios "^0.27.2"
    json-bigint "^1.0.0"
    url-join "^4.0.0"

typescript@^5.0.4:
  version "5.0.4"
  resolved "https://registry.yarnpkg.com/typescript/-/typescript-5.0.4.tgz#b217fd20119bd61a94d4011274e0ab369058da3b"
  integrity sha512-cW9T5W9xY37cc+jfEnaUvX91foxtHkza3Nw3wkoF4sSlKn0MONdkdEndig/qPBWXNkmplh3NzayQzCiHM4/hqw==

url-join@^4.0.0:
  version "4.0.1"
  resolved "https://registry.yarnpkg.com/url-join/-/url-join-4.0.1.tgz#b642e21a2646808ffa178c4c5fda39844e12cde7"
  integrity sha512-jk1+QP6ZJqyOiuEI9AEWQfju/nB2Pw466kbA0LEZljHwKeMgd9WrAEgEGxjPDD2+TNbbb37rTyhEfrCXfuKXnA==
